
Microsoft Visual Studio Solution File, Format Version 12.00
# Visual Studio Version 16
VisualStudioVersion = 16.0.30804.86
MinimumVisualStudioVersion = 10.0.40219.1
Project("{FAE04EC0-301F-11D3-BF4B-00C04F79EFBC}") = "Projeto_teste", "Projeto_teste\Projeto_teste.csproj", "{3D1338A4-1D47-42EF-85C2-143791F3648D}"
EndProject
Global
	GlobalSection(SolutionConfigurationPlatforms) = preSolution
		Debug|Any CPU = Debug|Any CPU
		Release|Any CPU = Release|Any CPU
	EndGlobalSection
	GlobalSection(ProjectConfigurationPlatforms) = postSolution
		{3D1338A4-1D47-42EF-85C2-143791F3648D}.Debug|Any CPU.ActiveCfg = Debug|Any CPU
		{3D1338A4-1D47-42EF-85C2-143791F3648D}.Debug|Any CPU.Build.0 = Debug|Any CPU
		{3D1338A4-1D47-42EF-85C2-143791F3648D}.Release|Any CPU.ActiveCfg = Release|Any CPU
		{3D1338A4-1D47-42EF-85C2-143791F3648D}.Release|Any CPU.Build.0 = Release|Any CPU
	EndGlobalSection
	GlobalSection(SolutionProperties) = preSolution
		HideSolutionNode = FALSE
	EndGlobalSection
	GlobalSection(ExtensibilityGlobals) = postSolution
		SolutionGuid = {1F522329-DC36-41A6-9F88-74F743F36B74}
	EndGlobalSection
EndGlobal
